// !$*UTF8*$!
{
	archiveVersion = 1;
	classes = {
	};
	objectVersion = 50;
	objects = {

/* Begin PBXBuildFile section */
		98E3C5D1222123A600DDDD72 /* AppDelegate.swift in Sources */ = {isa = PBXBuildFile; fileRef = 98E3C5D0222123A600DDDD72 /* AppDelegate.swift */; };
		98E3C5D3222123A600DDDD72 /* ViewController.swift in Sources */ = {isa = PBXBuildFile; fileRef = 98E3C5D2222123A600DDDD72 /* ViewController.swift */; };
		98E3C5D6222123A600DDDD72 /* Main.storyboard in Resources */ = {isa = PBXBuildFile; fileRef = 98E3C5D4222123A600DDDD72 /* Main.storyboard */; };
		98E3C5D8222123AA00DDDD72 /* Assets.xcassets in Resources */ = {isa = PBXBuildFile; fileRef = 98E3C5D7222123AA00DDDD72 /* Assets.xcassets */; };
		98E3C5DB222123AA00DDDD72 /* LaunchScreen.storyboard in Resources */ = {isa = PBXBuildFile; fileRef = 98E3C5D9222123AA00DDDD72 /* LaunchScreen.storyboard */; };
		98E3C5E4222123FE00DDDD72 /* AnimationCell.swift in Sources */ = {isa = PBXBuildFile; fileRef = 98E3C5E2222123FE00DDDD72 /* AnimationCell.swift */; };
		98E3C5E5222123FE00DDDD72 /* AnimationCell.xib in Resources */ = {isa = PBXBuildFile; fileRef = 98E3C5E3222123FE00DDDD72 /* AnimationCell.xib */; };
/* End PBXBuildFile section */

/* Begin PBXFileReference section */
		98E3C5CD222123A600DDDD72 /* UITableViewAnimation.app */ = {isa = PBXFileReference; explicitFileType = wrapper.application; includeInIndex = 0; path = UITableViewAnimation.app; sourceTree = BUILT_PRODUCTS_DIR; };
		98E3C5D0222123A600DDDD72 /* AppDelegate.swift */ = {isa = PBXFileReference; lastKnownFileType = sourcecode.swift; path = AppDelegate.swift; sourceTree = "<group>"; };
		98E3C5D2222123A600DDDD72 /* ViewController.swift */ = {isa = PBXFileReference; lastKnownFileType = sourcecode.swift; path = ViewController.swift; sourceTree = "<group>"; };
		98E3C5D5222123A600DDDD72 /* Base */ = {isa = PBXFileReference; lastKnownFileType = file.storyboard; name = Base; path = Base.lproj/Main.storyboard; sourceTree = "<group>"; };
		98E3C5D7222123AA00DDDD72 /* Assets.xcassets */ = {isa = PBXFileReference; lastKnownFileType = folder.assetcatalog; path = Assets.xcassets; sourceTree = "<group>"; };
		98E3C5DA222123AA00DDDD72 /* Base */ = {isa = PBXFileReference; lastKnownFileType = file.storyboard; name = Base; path = Base.lproj/LaunchScreen.storyboard; sourceTree = "<group>"; };
		98E3C5DC222123AA00DDDD72 /* Info.plist */ = {isa = PBXFileReference; lastKnownFileType = text.plist.xml; path = Info.plist; sourceTree = "<group>"; };
		98E3C5E2222123FE00DDDD72 /* AnimationCell.swift */ = {isa = PBXFileReference; lastKnownFileType = sourcecode.swift; path = AnimationCell.swift; sourceTree = "<group>"; };
		98E3C5E3222123FE00DDDD72 /* AnimationCell.xib */ = {isa = PBXFileReference; lastKnownFileType = file.xib; path = AnimationCell.xib; sourceTree = "<group>"; };
/* End PBXFileReference section */

/* Begin PBXFrameworksBuildPhase section */
		98E3C5CA222123A600DDDD72 /* Frameworks */ = {
			isa = PBXFrameworksBuildPhase;
			buildActionMask = 2147483647;
			files = (
			);
			runOnlyForDeploymentPostprocessing = 0;
		};
/* End PBXFrameworksBuildPhase section */

/* Begin PBXGroup section */
		98E3C5C4222123A600DDDD72 = {
			isa = PBXGroup;
			children = (
				98E3C5CF222123A600DDDD72 /* UITableViewAnimation */,
				98E3C5CE222123A600DDDD72 /* Products */,
			);
			sourceTree = "<group>";
		};
		98E3C5CE222123A600DDDD72 /* Products */ = {
			isa = PBXGroup;
			children = (
				98E3C5CD222123A600DDDD72 /* UITableViewAnimation.app */,
			);
			name = Products;
			sourceTree = "<group>";
		};
		98E3C5CF222123A600DDDD72 /* UITableViewAnimation */ = {
			isa = PBXGroup;
			children = (
				98E3C5D0222123A600DDDD72 /* AppDelegate.swift */,
				98E3C5D2222123A600DDDD72 /* ViewController.swift */,
				98E3C5D4222123A600DDDD72 /* Main.storyboard */,
				98E3C5D7222123AA00DDDD72 /* Assets.xcassets */,
				98E3C5D9222123AA00DDDD72 /* LaunchScreen.storyboard */,
				98E3C5DC222123AA00DDDD72 /* Info.plist */,
				98E3C5E2222123FE00DDDD72 /* AnimationCell.swift */,
				98E3C5E3222123FE00DDDD72 /* AnimationCell.xib */,
			);
			path = UITableViewAnimation;
			sourceTree = "<group>";
		};
/* End PBXGroup section */

/* Begin PBXNativeTarget section */
		98E3C5CC222123A600DDDD72 /* UITableViewAnimation */ = {
			isa = PBXNativeTarget;
			buildConfigurationList = 98E3C5DF222123AA00DDDD72 /* Build configuration list for PBXNativeTarget "UITableViewAnimation" */;
			buildPhases = (
				98E3C5C9222123A600DDDD72 /* Sources */,
				98E3C5CA222123A600DDDD72 /* Frameworks */,
				98E3C5CB222123A600DDDD72 /* Resources */,
			);
			buildRules = (
			);
			dependencies = (
			);
			name = UITableViewAnimation;
			productName = UITableViewAnimation;
			productReference = 98E3C5CD222123A600DDDD72 /* UITableViewAnimation.app */;
			productType = "com.apple.product-type.application";
		};
/* End PBXNativeTarget section */

/* Begin PBXProject section */
		98E3C5C5222123A600DDDD72 /* Project object */ = {
			isa = PBXProject;
			attributes = {
				LastSwiftUpdateCheck = 1010;
				LastUpgradeCheck = 1010;
				ORGANIZATIONNAME = Yoichi;
				TargetAttributes = {
					98E3C5CC222123A600DDDD72 = {
						CreatedOnToolsVersion = 10.1;
					};
				};
			};
			buildConfigurationList = 98E3C5C8222123A600DDDD72 /* Build configuration list for PBXProject "UITableViewAnimation" */;
			compatibilityVersion = "Xcode 9.3";
			developmentRegion = en;
			hasScannedForEncodings = 0;
			knownRegions = (
				en,
				Base,
			);
			mainGroup = 98E3C5C4222123A600DDDD72;
			productRefGroup = 98E3C5CE222123A600DDDD72 /* Products */;
			projectDirPath = "";
			projectRoot = "";
			targets = (
				98E3C5CC222123A600DDDD72 /* UITableViewAnimation */,
			);
		};
/* End PBXProject section */

/* Begin PBXResourcesBuildPhase section */
		98E3C5CB222123A600DDDD72 /* Resources */ = {
			isa = PBXResourcesBuildPhase;
			buildActionMask = 2147483647;
			files = (
				98E3C5DB222123AA00DDDD72 /* LaunchScreen.storyboard in Resources */,
				98E3C5D8222123AA00DDDD72 /* Assets.xcassets in Resources */,
				98E3C5E5222123FE00DDDD72 /* AnimationCell.xib in Resources */,
				98E3C5D6222123A600DDDD72 /* Main.storyboard in Resources */,
			);
			runOnlyForDeploymentPostprocessing = 0;
		};
/* End PBXResourcesBuildPhase section */

/* Begin PBXSourcesBuildPhase section */
		98E3C5C9222123A600DDDD72 /* Sources */ = {
			isa = PBXSourcesBuildPhase;
			buildActionMask = 2147483647;
			files = (
				98E3C5E4222123FE00DDDD72 /* AnimationCell.swift in Sources */,
				98E3C5D3222123A600DDDD72 /* ViewController.swift in Sources */,
				98E3C5D1222123A600DDDD72 /* AppDelegate.swift in Sources */,
			);
			runOnlyForDeploymentPostprocessing = 0;
		};
/* End PBXSourcesBuildPhase section */

/* Begin PBXVariantGroup section */
		98E3C5D4222123A600DDDD72 /* Main.storyboard */ = {
			isa = PBXVariantGroup;
			children = (
				98E3C5D5222123A600DDDD72 /* Base */,
			);
			name = Main.storyboard;
			sourceTree = "<group>";
		};
		98E3C5D9222123AA00DDDD72 /* LaunchScreen.storyboard */ = {
			isa = PBXVariantGroup;
			children = (
				98E3C5DA222123AA00DDDD72 /* Base */,
			);
			name = LaunchScreen.storyboard;
			sourceTree = "<group>";
		};
/* End PBXVariantGroup section */

/* Begin XCBuildConfiguration section */
		98E3C5DD222123AA00DDDD72 /* Debug */ = {
			isa = XCBuildConfiguration;
			buildSettings = {
				ALWAYS_SEARCH_USER_PATHS = NO;
				CLANG_ANALYZER_NONNULL = YES;
				CLANG_ANALYZER_NUMBER_OBJECT_CONVERSION = YES_AGGRESSIVE;
				CLANG_CXX_LANGUAGE_STANDARD = "gnu++14";
				CLANG_CXX_LIBRARY = "libc++";
				CLANG_ENABLE_MODULES = YES;
				CLANG_ENABLE_OBJC_ARC = YES;
				CLANG_ENABLE_OBJC_WEAK = YES;
				CLANG_WARN_BLOCK_CAPTURE_AUTORELEASING = YES;
				CLANG_WARN_BOOL_CONVERSION = YES;
				CLANG_WARN_COMMA = YES;
				CLANG_WARN_CONSTANT_CONVERSION = YES;
				CLANG_WARN_DEPRECATED_OBJC_IMPLEMENTATIONS = YES;
				CLANG_WARN_DIRECT_OBJC_ISA_USAGE = YES_ERROR;
				CLANG_WARN_DOCUMENTATION_COMMENTS = YES;
				CLANG_WARN_EMPTY_BODY = YES;
				CLANG_WARN_ENUM_CONVERSION = YES;
				CLANG_WARN_INFINITE_RECURSION = YES;
				CLANG_WARN_INT_CONVERSION = YES;
				CLANG_WARN_NON_LITERAL_NULL_CONVERSION = YES;
				CLANG_WARN_OBJC_IMPLICIT_RETAIN_SELF = YES;
				CLANG_WARN_OBJC_LITERAL_CONVERSION = YES;
				CLANG_WARN_OBJC_ROOT_CLASS = YES_ERROR;
				CLANG_WARN_RANGE_LOOP_ANALYSIS = YES;
				CLANG_WARN_STRICT_PROTOTYPES = YES;
				CLANG_WARN_SUSPICIOUS_MOVE = YES;
				CLANG_WARN_UNGUARDED_AVAILABILITY = YES_AGGRESSIVE;
				CLANG_WARN_UNREACHABLE_CODE = YES;
				CLANG_WARN__DUPLICATE_METHOD_MATCH = YES;
				CODE_SIGN_IDENTITY = "iPhone Developer";
				COPY_PHASE_STRIP = NO;
				DEBUG_INFORMATION_FORMAT = dwarf;
				ENABLE_STRICT_OBJC_MSGSEND = YES;
				ENABLE_TESTABILITY = YES;
				GCC_C_LANGUAGE_STANDARD = gnu11;
				GCC_DYNAMIC_NO_PIC = NO;
				GCC_NO_COMMON_BLOCKS = YES;
				GCC_OPTIMIZATION_LEVEL = 0;
				GCC_PREPROCESSOR_DEFINITIONS = (
					"DEBUG=1",
					"$(inherited)",
				);
				GCC_WARN_64_TO_32_BIT_CONVERSION = YES;
				GCC_WARN_ABOUT_RETURN_TYPE = YES_ERROR;
				GCC_WARN_UNDECLARED_SELECTOR = YES;
				GCC_WARN_UNINITIALIZED_AUTOS = YES_AGGRESSIVE;
				GCC_WARN_UNUSED_FUNCTION = YES;
				GCC_WARN_UNUSED_VARIABLE = YES;
				IPHONEOS_DEPLOYMENT_TARGET = 12.1;
				MTL_ENABLE_DEBUG_INFO = INCLUDE_SOURCE;
				MTL_FAST_MATH = YES;
				ONLY_ACTIVE_ARCH = YES;
				SDKROOT = iphoneos;
				SWIFT_ACTIVE_COMPILATION_CONDITIONS = DEBUG;
				SWIFT_OPTIMIZATION_LEVEL = "-Onone";
			};
			name = Debug;
		};
		98E3C5DE222123AA00DDDD72 /* Release */ = {
			isa = XCBuildConfiguration;
			buildSettings = {
				ALWAYS_SEARCH_USER_PATHS = NO;
				CLANG_ANALYZER_NONNULL = YES;
				CLANG_ANALYZER_NUMBER_OBJECT_CONVERSION = YES_AGGRESSIVE;
				CLANG_CXX_LANGUAGE_STANDARD = "gnu++14";
				CLANG_CXX_LIBRARY = "libc++";
				CLANG_ENABLE_MODULES = YES;
				CLANG_ENABLE_OBJC_ARC = YES;
				CLANG_ENABLE_OBJC_WEAK = YES;
				CLANG_WARN_BLOCK_CAPTURE_AUTORELEASING = YES;
				CLANG_WARN_BOOL_CONVERSION = YES;
				CLANG_WARN_COMMA = YES;
				CLANG_WARN_CONSTANT_CONVERSION = YES;
				CLANG_WARN_DEPRECATED_OBJC_IMPLEMENTATIONS = YES;
				CLANG_WARN_DIRECT_OBJC_ISA_USAGE = YES_ERROR;
				CLANG_WARN_DOCUMENTATION_COMMENTS = YES;
				CLANG_WARN_EMPTY_BODY = YES;
				CLANG_WARN_ENUM_CONVERSION = YES;
				CLANG_WARN_INFINITE_RECURSION = YES;
				CLANG_WARN_INT_CONVERSION = YES;
				CLANG_WARN_NON_LITERAL_NULL_CONVERSION = YES;
				CLANG_WARN_OBJC_IMPLICIT_RETAIN_SELF = YES;
				CLANG_WARN_OBJC_LITERAL_CONVERSION = YES;
				CLANG_WARN_OBJC_ROOT_CLASS = YES_ERROR;
				CLANG_WARN_RANGE_LOOP_ANALYSIS = YES;
				CLANG_WARN_STRICT_PROTOTYPES = YES;
				CLANG_WARN_SUSPICIOUS_MOVE = YES;
				CLANG_WARN_UNGUARDED_AVAILABILITY = YES_AGGRESSIVE;
				CLANG_WARN_UNREACHABLE_CODE = YES;
				CLANG_WARN__DUPLICATE_METHOD_MATCH = YES;
				CODE_SIGN_IDENTITY = "iPhone Developer";
				COPY_PHASE_STRIP = NO;
				DEBUG_INFORMATION_FORMAT = "dwarf-with-dsym";
				ENABLE_NS_ASSERTIONS = NO;
				ENABLE_STRICT_OBJC_MSGSEND = YES;
				GCC_C_LANGUAGE_STANDARD = gnu11;
				GCC_NO_COMMON_BLOCKS = YES;
				GCC_WARN_64_TO_32_BIT_CONVERSION = YES;
				GCC_WARN_ABOUT_RETURN_TYPE = YES_ERROR;
				GCC_WARN_UNDECLARED_SELECTOR = YES;
				GCC_WARN_UNINITIALIZED_AUTOS = YES_AGGRESSIVE;
				GCC_WARN_UNUSED_FUNCTION = YES;
				GCC_WARN_UNUSED_VARIABLE = YES;
				IPHONEOS_DEPLOYMENT_TARGET = 12.1;
				MTL_ENABLE_DEBUG_INFO = NO;
				MTL_FAST_MATH = YES;
				SDKROOT = iphoneos;
				SWIFT_COMPILATION_MODE = wholemodule;
				SWIFT_OPTIMIZATION_LEVEL = "-O";
				VALIDATE_PRODUCT = YES;
			};
			name = Release;
		};
		98E3C5E0222123AA00DDDD72 /* Debug */ = {
			isa = XCBuildConfiguration;
			buildSettings = {
				ASSETCATALOG_COMPILER_APPICON_NAME = AppIcon;
				CODE_SIGN_STYLE = Automatic;
				DEVELOPMENT_TEAM = MYNLSAF27S;
				INFOPLIST_FILE = UITableViewAnimation/Info.plist;
				LD_RUNPATH_SEARCH_PATHS = (
					"$(inherited)",
					"@executable_path/Frameworks",
				);
				PRODUCT_BUNDLE_IDENTIFIER = com.UITableViewAnimation.UITableViewAnimation;
				PRODUCT_NAME = "$(TARGET_NAME)";
				SWIFT_VERSION = 4.2;
				TARGETED_DEVICE_FAMILY = "1,2";
			};
			name = Debug;
		};
		98E3C5E1222123AA00DDDD72 /* Release */ = {
			isa = XCBuildConfiguration;
			buildSettings = {
				ASSETCATALOG_COMPILER_APPICON_NAME = AppIcon;
				CODE_SIGN_STYLE = Automatic;
				DEVELOPMENT_TEAM = MYNLSAF27S;
				INFOPLIST_FILE = UITableViewAnimation/Info.plist;
				LD_RUNPATH_SEARCH_PATHS = (
					"$(inherited)",
					"@executable_path/Frameworks",
				);
				PRODUCT_BUNDLE_IDENTIFIER = com.UITableViewAnimation.UITableViewAnimation;
				PRODUCT_NAME = "$(TARGET_NAME)";
				SWIFT_VERSION = 4.2;
				TARGETED_DEVICE_FAMILY = "1,2";
			};
			name = Release;
		};
/* End XCBuildConfiguration section */

/* Begin XCConfigurationList section */
		98E3C5C8222123A600DDDD72 /* Build configuration list for PBXProject "UITableViewAnimation" */ = {
			isa = XCConfigurationList;
			buildConfigurations = (
				98E3C5DD222123AA00DDDD72 /* Debug */,
				98E3C5DE222123AA00DDDD72 /* Release */,
			);
			defaultConfigurationIsVisible = 0;
			defaultConfigurationName = Release;
		};
		98E3C5DF222123AA00DDDD72 /* Build configuration list for PBXNativeTarget "UITableViewAnimation" */ = {
			isa = XCConfigurationList;
			buildConfigurations = (
				98E3C5E0222123AA00DDDD72 /* Debug */,
				98E3C5E1222123AA00DDDD72 /* Release */,
			);
			defaultConfigurationIsVisible = 0;
			defaultConfigurationName = Release;
		};
/* End XCConfigurationList section */
	};
	rootObject = 98E3C5C5222123A600DDDD72 /* Project object */;
}
